
Microsoft Visual Studio Solution File, Format Version 12.00
# Visual Studio Version 16
VisualStudioVersion = 16.0.30503.244
MinimumVisualStudioVersion = 10.0.40219.1
Project("{FAE04EC0-301F-11D3-BF4B-00C04F79EFBC}") = "InstallSelfSign", "InstallSelfSign\InstallSelfSign.csproj", "{7551DC08-63A4-41B6-B751-B6139B233BED}"
EndProject
Global
	GlobalSection(SolutionConfigurationPlatforms) = preSolution
		Debug|Any CPU = Debug|Any CPU
		Release|Any CPU = Release|Any CPU
	EndGlobalSection
	GlobalSection(ProjectConfigurationPlatforms) = postSolution
		{7551DC08-63A4-41B6-B751-B6139B233BED}.Debug|Any CPU.ActiveCfg = Debug|Any CPU
		{7551DC08-63A4-41B6-B751-B6139B233BED}.Debug|Any CPU.Build.0 = Debug|Any CPU
		{7551DC08-63A4-41B6-B751-B6139B233BED}.Release|Any CPU.ActiveCfg = Release|Any CPU
		{7551DC08-63A4-41B6-B751-B6139B233BED}.Release|Any CPU.Build.0 = Release|Any CPU
	EndGlobalSection
	GlobalSection(SolutionProperties) = preSolution
		HideSolutionNode = FALSE
	EndGlobalSection
	GlobalSection(ExtensibilityGlobals) = postSolution
		SolutionGuid = {F41734A5-D50F-4ACE-8361-1EB4E2D704A6}
	EndGlobalSection
EndGlobal
